
Microsoft Visual Studio Solution File, Format Version 12.00
# Visual Studio 15
VisualStudioVersion = 15.0.26730.12
MinimumVisualStudioVersion = 10.0.40219.1
Project("{FAE04EC0-301F-11D3-BF4B-00C04F79EFBC}") = "q40", "q40\q40.csproj", "{A05B104B-852D-4705-8719-0DA37C95BDC9}"
EndProject
Project("{FAE04EC0-301F-11D3-BF4B-00C04F79EFBC}") = "q41_1", "q41_1\q41_1.csproj", "{AB5C97A2-58CE-4652-89BE-36A93C941300}"
EndProject
Project("{FAE04EC0-301F-11D3-BF4B-00C04F79EFBC}") = "q41_oop", "q40_oop\q41_oop.csproj", "{91CC4697-5C3D-4CA6-8E98-02717233CAC6}"
EndProject
Project("{FAE04EC0-301F-11D3-BF4B-00C04F79EFBC}") = "q41_2", "q41_2\q41_2.csproj", "{8618F012-57AB-40A9-BDAD-2B0D77970582}"
EndProject
Project("{FAE04EC0-301F-11D3-BF4B-00C04F79EFBC}") = "q42", "q42\q42.csproj", "{EC8B7105-A1AE-4120-9A1D-E85525879230}"
EndProject
Project("{2150E333-8FDC-42A3-9474-1A3956D46DE8}") = "Solution Items", "Solution Items", "{10B26C61-D823-47E1-9206-16391298C192}"
	ProjectSection(SolutionItems) = preProject
		MyMath.cs = MyMath.cs
		Permutation.cs = Permutation.cs
		RadixConvert.cs = RadixConvert.cs
	EndProjectSection
EndProject
Project("{FAE04EC0-301F-11D3-BF4B-00C04F79EFBC}") = "q43_1", "q43_1\q43_1.csproj", "{05CD8121-38ED-45FE-B73B-49BC42FC3CD0}"
EndProject
Project("{FAE04EC0-301F-11D3-BF4B-00C04F79EFBC}") = "q43_2", "q43_2\q43_2.csproj", "{DEC9EB66-FBCC-4355-8B4E-0E6E839AFC4A}"
EndProject
Project("{FAE04EC0-301F-11D3-BF4B-00C04F79EFBC}") = "q44_1", "q44_1\q44_1.csproj", "{62F231F9-AC7C-4326-9E7A-6C0536D0D293}"
EndProject
Project("{FAE04EC0-301F-11D3-BF4B-00C04F79EFBC}") = "q44_2", "q44_2\q44_2.csproj", "{2DE5BF67-3075-4797-8C6D-1FD11E3E69CE}"
EndProject
Project("{FAE04EC0-301F-11D3-BF4B-00C04F79EFBC}") = "q45", "q45\q45.csproj", "{BDAF2B61-B085-43E6-B0D7-48FB383EA300}"
EndProject
Project("{FAE04EC0-301F-11D3-BF4B-00C04F79EFBC}") = "q46", "q46\q46.csproj", "{C33B4CE9-6EDC-44C8-8646-FDF93E75BB60}"
EndProject
Project("{FAE04EC0-301F-11D3-BF4B-00C04F79EFBC}") = "q47_1", "q47_1\q47_1.csproj", "{A900E258-7F39-417B-BDC0-60D28EAFE7BE}"
EndProject
Project("{FAE04EC0-301F-11D3-BF4B-00C04F79EFBC}") = "q47_2", "q47_2\q47_2.csproj", "{33607225-BECD-461F-98EA-A2A55FADF917}"
EndProject
Project("{FAE04EC0-301F-11D3-BF4B-00C04F79EFBC}") = "q47_3", "q47_3\q47_3.csproj", "{FCC8673B-6AF2-47B8-A51E-34D2ECDB96A8}"
EndProject
Project("{FAE04EC0-301F-11D3-BF4B-00C04F79EFBC}") = "q48", "q48\q48.csproj", "{7AAFEDB1-9905-42BC-AA88-D2CF1E62C98B}"
EndProject
Project("{FAE04EC0-301F-11D3-BF4B-00C04F79EFBC}") = "q49_1", "q49_1\q49_1.csproj", "{68A86BC4-3F42-4821-9062-94FD9FB89C8E}"
EndProject
Project("{FAE04EC0-301F-11D3-BF4B-00C04F79EFBC}") = "q49_2", "q49_2\q49_2.csproj", "{73DBDF18-74B1-4B60-980A-EB02B30AD457}"
EndProject
Project("{FAE04EC0-301F-11D3-BF4B-00C04F79EFBC}") = "q50_1", "q50_1\q50_1.csproj", "{93046884-68B5-44B5-8B1F-2186B9D03CEF}"
EndProject
Project("{FAE04EC0-301F-11D3-BF4B-00C04F79EFBC}") = "q50_2", "q50_2\q50_2.csproj", "{6B19C1C3-5DE1-4D9B-893E-4D3C6581306B}"
EndProject
Global
	GlobalSection(SolutionConfigurationPlatforms) = preSolution
		Debug|Any CPU = Debug|Any CPU
		Release|Any CPU = Release|Any CPU
	EndGlobalSection
	GlobalSection(ProjectConfigurationPlatforms) = postSolution
		{A05B104B-852D-4705-8719-0DA37C95BDC9}.Debug|Any CPU.ActiveCfg = Debug|Any CPU
		{A05B104B-852D-4705-8719-0DA37C95BDC9}.Debug|Any CPU.Build.0 = Debug|Any CPU
		{A05B104B-852D-4705-8719-0DA37C95BDC9}.Release|Any CPU.ActiveCfg = Release|Any CPU
		{A05B104B-852D-4705-8719-0DA37C95BDC9}.Release|Any CPU.Build.0 = Release|Any CPU
		{AB5C97A2-58CE-4652-89BE-36A93C941300}.Debug|Any CPU.ActiveCfg = Debug|Any CPU
		{AB5C97A2-58CE-4652-89BE-36A93C941300}.Debug|Any CPU.Build.0 = Debug|Any CPU
		{AB5C97A2-58CE-4652-89BE-36A93C941300}.Release|Any CPU.ActiveCfg = Release|Any CPU
		{AB5C97A2-58CE-4652-89BE-36A93C941300}.Release|Any CPU.Build.0 = Release|Any CPU
		{91CC4697-5C3D-4CA6-8E98-02717233CAC6}.Debug|Any CPU.ActiveCfg = Debug|Any CPU
		{91CC4697-5C3D-4CA6-8E98-02717233CAC6}.Debug|Any CPU.Build.0 = Debug|Any CPU
		{91CC4697-5C3D-4CA6-8E98-02717233CAC6}.Release|Any CPU.ActiveCfg = Release|Any CPU
		{91CC4697-5C3D-4CA6-8E98-02717233CAC6}.Release|Any CPU.Build.0 = Release|Any CPU
		{8618F012-57AB-40A9-BDAD-2B0D77970582}.Debug|Any CPU.ActiveCfg = Debug|Any CPU
		{8618F012-57AB-40A9-BDAD-2B0D77970582}.Debug|Any CPU.Build.0 = Debug|Any CPU
		{8618F012-57AB-40A9-BDAD-2B0D77970582}.Release|Any CPU.ActiveCfg = Release|Any CPU
		{8618F012-57AB-40A9-BDAD-2B0D77970582}.Release|Any CPU.Build.0 = Release|Any CPU
		{EC8B7105-A1AE-4120-9A1D-E85525879230}.Debug|Any CPU.ActiveCfg = Debug|Any CPU
		{EC8B7105-A1AE-4120-9A1D-E85525879230}.Debug|Any CPU.Build.0 = Debug|Any CPU
		{EC8B7105-A1AE-4120-9A1D-E85525879230}.Release|Any CPU.ActiveCfg = Release|Any CPU
		{EC8B7105-A1AE-4120-9A1D-E85525879230}.Release|Any CPU.Build.0 = Release|Any CPU
		{05CD8121-38ED-45FE-B73B-49BC42FC3CD0}.Debug|Any CPU.ActiveCfg = Debug|Any CPU
		{05CD8121-38ED-45FE-B73B-49BC42FC3CD0}.Debug|Any CPU.Build.0 = Debug|Any CPU
		{05CD8121-38ED-45FE-B73B-49BC42FC3CD0}.Release|Any CPU.ActiveCfg = Release|Any CPU
		{05CD8121-38ED-45FE-B73B-49BC42FC3CD0}.Release|Any CPU.Build.0 = Release|Any CPU
		{DEC9EB66-FBCC-4355-8B4E-0E6E839AFC4A}.Debug|Any CPU.ActiveCfg = Debug|Any CPU
		{DEC9EB66-FBCC-4355-8B4E-0E6E839AFC4A}.Debug|Any CPU.Build.0 = Debug|Any CPU
		{DEC9EB66-FBCC-4355-8B4E-0E6E839AFC4A}.Release|Any CPU.ActiveCfg = Release|Any CPU
		{DEC9EB66-FBCC-4355-8B4E-0E6E839AFC4A}.Release|Any CPU.Build.0 = Release|Any CPU
		{62F231F9-AC7C-4326-9E7A-6C0536D0D293}.Debug|Any CPU.ActiveCfg = Debug|Any CPU
		{62F231F9-AC7C-4326-9E7A-6C0536D0D293}.Debug|Any CPU.Build.0 = Debug|Any CPU
		{62F231F9-AC7C-4326-9E7A-6C0536D0D293}.Release|Any CPU.ActiveCfg = Release|Any CPU
		{62F231F9-AC7C-4326-9E7A-6C0536D0D293}.Release|Any CPU.Build.0 = Release|Any CPU
		{2DE5BF67-3075-4797-8C6D-1FD11E3E69CE}.Debug|Any CPU.ActiveCfg = Debug|Any CPU
		{2DE5BF67-3075-4797-8C6D-1FD11E3E69CE}.Debug|Any CPU.Build.0 = Debug|Any CPU
		{2DE5BF67-3075-4797-8C6D-1FD11E3E69CE}.Release|Any CPU.ActiveCfg = Release|Any CPU
		{2DE5BF67-3075-4797-8C6D-1FD11E3E69CE}.Release|Any CPU.Build.0 = Release|Any CPU
		{BDAF2B61-B085-43E6-B0D7-48FB383EA300}.Debug|Any CPU.ActiveCfg = Debug|Any CPU
		{BDAF2B61-B085-43E6-B0D7-48FB383EA300}.Debug|Any CPU.Build.0 = Debug|Any CPU
		{BDAF2B61-B085-43E6-B0D7-48FB383EA300}.Release|Any CPU.ActiveCfg = Release|Any CPU
		{BDAF2B61-B085-43E6-B0D7-48FB383EA300}.Release|Any CPU.Build.0 = Release|Any CPU
		{C33B4CE9-6EDC-44C8-8646-FDF93E75BB60}.Debug|Any CPU.ActiveCfg = Debug|Any CPU
		{C33B4CE9-6EDC-44C8-8646-FDF93E75BB60}.Debug|Any CPU.Build.0 = Debug|Any CPU
		{C33B4CE9-6EDC-44C8-8646-FDF93E75BB60}.Release|Any CPU.ActiveCfg = Release|Any CPU
		{C33B4CE9-6EDC-44C8-8646-FDF93E75BB60}.Release|Any CPU.Build.0 = Release|Any CPU
		{A900E258-7F39-417B-BDC0-60D28EAFE7BE}.Debug|Any CPU.ActiveCfg = Debug|Any CPU
		{A900E258-7F39-417B-BDC0-60D28EAFE7BE}.Debug|Any CPU.Build.0 = Debug|Any CPU
		{A900E258-7F39-417B-BDC0-60D28EAFE7BE}.Release|Any CPU.ActiveCfg = Release|Any CPU
		{A900E258-7F39-417B-BDC0-60D28EAFE7BE}.Release|Any CPU.Build.0 = Release|Any CPU
		{33607225-BECD-461F-98EA-A2A55FADF917}.Debug|Any CPU.ActiveCfg = Debug|Any CPU
		{33607225-BECD-461F-98EA-A2A55FADF917}.Debug|Any CPU.Build.0 = Debug|Any CPU
		{33607225-BECD-461F-98EA-A2A55FADF917}.Release|Any CPU.ActiveCfg = Release|Any CPU
		{33607225-BECD-461F-98EA-A2A55FADF917}.Release|Any CPU.Build.0 = Release|Any CPU
		{FCC8673B-6AF2-47B8-A51E-34D2ECDB96A8}.Debug|Any CPU.ActiveCfg = Debug|Any CPU
		{FCC8673B-6AF2-47B8-A51E-34D2ECDB96A8}.Debug|Any CPU.Build.0 = Debug|Any CPU
		{FCC8673B-6AF2-47B8-A51E-34D2ECDB96A8}.Release|Any CPU.ActiveCfg = Release|Any CPU
		{FCC8673B-6AF2-47B8-A51E-34D2ECDB96A8}.Release|Any CPU.Build.0 = Release|Any CPU
		{7AAFEDB1-9905-42BC-AA88-D2CF1E62C98B}.Debug|Any CPU.ActiveCfg = Debug|Any CPU
		{7AAFEDB1-9905-42BC-AA88-D2CF1E62C98B}.Debug|Any CPU.Build.0 = Debug|Any CPU
		{7AAFEDB1-9905-42BC-AA88-D2CF1E62C98B}.Release|Any CPU.ActiveCfg = Release|Any CPU
		{7AAFEDB1-9905-42BC-AA88-D2CF1E62C98B}.Release|Any CPU.Build.0 = Release|Any CPU
		{68A86BC4-3F42-4821-9062-94FD9FB89C8E}.Debug|Any CPU.ActiveCfg = Debug|Any CPU
		{68A86BC4-3F42-4821-9062-94FD9FB89C8E}.Debug|Any CPU.Build.0 = Debug|Any CPU
		{68A86BC4-3F42-4821-9062-94FD9FB89C8E}.Release|Any CPU.ActiveCfg = Release|Any CPU
		{68A86BC4-3F42-4821-9062-94FD9FB89C8E}.Release|Any CPU.Build.0 = Release|Any CPU
		{73DBDF18-74B1-4B60-980A-EB02B30AD457}.Debug|Any CPU.ActiveCfg = Debug|Any CPU
		{73DBDF18-74B1-4B60-980A-EB02B30AD457}.Debug|Any CPU.Build.0 = Debug|Any CPU
		{73DBDF18-74B1-4B60-980A-EB02B30AD457}.Release|Any CPU.ActiveCfg = Release|Any CPU
		{73DBDF18-74B1-4B60-980A-EB02B30AD457}.Release|Any CPU.Build.0 = Release|Any CPU
		{93046884-68B5-44B5-8B1F-2186B9D03CEF}.Debug|Any CPU.ActiveCfg = Debug|Any CPU
		{93046884-68B5-44B5-8B1F-2186B9D03CEF}.Debug|Any CPU.Build.0 = Debug|Any CPU
		{93046884-68B5-44B5-8B1F-2186B9D03CEF}.Release|Any CPU.ActiveCfg = Release|Any CPU
		{93046884-68B5-44B5-8B1F-2186B9D03CEF}.Release|Any CPU.Build.0 = Release|Any CPU
		{6B19C1C3-5DE1-4D9B-893E-4D3C6581306B}.Debug|Any CPU.ActiveCfg = Debug|Any CPU
		{6B19C1C3-5DE1-4D9B-893E-4D3C6581306B}.Debug|Any CPU.Build.0 = Debug|Any CPU
		{6B19C1C3-5DE1-4D9B-893E-4D3C6581306B}.Release|Any CPU.ActiveCfg = Release|Any CPU
		{6B19C1C3-5DE1-4D9B-893E-4D3C6581306B}.Release|Any CPU.Build.0 = Release|Any CPU
	EndGlobalSection
	GlobalSection(SolutionProperties) = preSolution
		HideSolutionNode = FALSE
	EndGlobalSection
	GlobalSection(ExtensibilityGlobals) = postSolution
		SolutionGuid = {6CE91C69-FF6D-48EB-AE4C-C74E351C1A60}
	EndGlobalSection
EndGlobal
