
Microsoft Visual Studio Solution File, Format Version 12.00
# Visual Studio 15
VisualStudioVersion = 15.0.26730.12
MinimumVisualStudioVersion = 10.0.40219.1
Project("{FAE04EC0-301F-11D3-BF4B-00C04F79EFBC}") = "q40", "q40\q40.csproj", "{A05B104B-852D-4705-8719-0DA37C95BDC9}"
EndProject
Project("{FAE04EC0-301F-11D3-BF4B-00C04F79EFBC}") = "q41_1", "q41_1\q41_1.csproj", "{AB5C97A2-58CE-4652-89BE-36A93C941300}"
EndProject
Project("{FAE04EC0-301F-11D3-BF4B-00C04F79EFBC}") = "q41_oop", "q40_oop\q41_oop.csproj", "{91CC4697-5C3D-4CA6-8E98-02717233CAC6}"
EndProject
Project("{FAE04EC0-301F-11D3-BF4B-00C04F79EFBC}") = "q41_2", "q41_2\q41_2.csproj", "{8618F012-57AB-40A9-BDAD-2B0D77970582}"
EndProject
Project("{FAE04EC0-301F-11D3-BF4B-00C04F79EFBC}") = "q42", "q42\q42.csproj", "{EC8B7105-A1AE-4120-9A1D-E85525879230}"
EndProject
Project("{2150E333-8FDC-42A3-9474-1A3956D46DE8}") = "Solution Items", "Solution Items", "{10B26C61-D823-47E1-9206-16391298C192}"
	ProjectSection(SolutionItems) = preProject
		MyMath.cs = MyMath.cs
		Permutation.cs = Permutation.cs
		RadixConvert.cs = RadixConvert.cs
	EndProjectSection
EndProject
Project("{FAE04EC0-301F-11D3-BF4B-00C04F79EFBC}") = "q43_1", "q43_1\q43_1.csproj", "{05CD8121-38ED-45FE-B73B-49BC42FC3CD0}"
EndProject
Project("{FAE04EC0-301F-11D3-BF4B-00C04F79EFBC}") = "q43_2", "q43_2\q43_2.csproj", "{DEC9EB66-FBCC-4355-8B4E-0E6E839AFC4A}"
EndProject
Project("{FAE04EC0-301F-11D3-BF4B-00C04F79EFBC}") = "q44_1", "q44_1\q44_1.csproj", "{62F231F9-AC7C-4326-9E7A-6C0536D0D293}"
EndProject
Project("{FAE04EC0-301F-11D3-BF4B-00C04F79EFBC}") = "q44_2", "q44_2\q44_2.csproj", "{2DE5BF67-3075-4797-8C6D-1FD11E3E69CE}"
EndProject
Project("{FAE04EC0-301F-11D3-BF4B-00C04F79EFBC}") = "q45", "q45\q45.csproj", "{BDAF2B61-B085-43E6-B0D7-48FB383EA300}"
EndProject
Project("{FAE04EC0-301F-11D3-BF4B-00C04F79EFBC}") = "q46", "q46\q46.csproj", "{C33B4CE9-6EDC-44C8-8646-FDF93E75BB60}"
EndProject
Project("{FAE04EC0-301F-11D3-BF4B-00C04F79EFBC}") = "q47_1", "q47_1\q47_1.csproj", "{A900E258-7F39-417B-BDC0-60D28EAFE7BE}"
EndProject
Project("{FAE04EC0-301F-11D3-BF4B-00C04F79EFBC}") = "q47_2", "q47_2\q47_2.csproj", "{33607225-BECD-461F-98EA-A2A55FADF917}"
EndProject
Project("{FAE04EC0-301F-11D3-BF4B-00C04F79EFBC}") = "q47_3", "q47_3\q47_3.csproj", "{FCC8673B-6AF2-47B8-A51E-34D2ECDB96A8}"
EndProject
Project("{FAE04EC0-301F-11D3-BF4B-00C04F79EFBC}") = "q48", "q48\q48.csproj", "{7AAFEDB1-9905-42BC-AA88-D2CF1E62C98B}"
EndProject
Project("{FAE04EC0-301F-11D3-BF4B-00C04F79EFBC}") = "q49_1", "q49_1\q49_1.csproj", "{68A86BC4-3F42-4821-9062-94FD9FB89C8E}"
EndProject
Project("{FAE04EC0-301F-11D3-BF4B-00C04F79EFBC}") = "q49_2", "q49_2\q49_2.csproj", "{73DBDF18-74B1-4B60-980A-EB02B30AD457}"
EndProject
Project("{FAE04EC0-301F-11D3-BF4B-00C04F79EFBC}") = "q50_1", "q50_1\q50_1.csproj", "{93046884-68B5-44B5-8B1F-2186B9D03CEF}"
EndProject
Project("{FAE04EC0-301F-11D3-BF4B-00C04F79EFBC}") = "q50_2", "q50_2\q50_2.csproj", "{6B19C1C3-5DE1-4D9B-893E-4D3C6581306B}"
EndProject
Project("{FAE04EC0-301F-11D3-BF4B-00C04F79EFBC}") = "q51_1", "q51_1\q51_1.csproj", "{6265C440-CC24-47B5-91E9-402AB9B0DFD5}"
EndProject
Project("{FAE04EC0-301F-11D3-BF4B-00C04F79EFBC}") = "q51_2", "q51_2\q51_2.csproj", "{C5222717-081E-4BD3-B8CC-EEFA9BB10268}"
EndProject
Project("{FAE04EC0-301F-11D3-BF4B-00C04F79EFBC}") = "q52_1", "q52_1\q52_1.csproj", "{974E1D5B-0429-4388-940F-21F501853522}"
EndProject
Project("{FAE04EC0-301F-11D3-BF4B-00C04F79EFBC}") = "q52_2", "q52_2\q52_2.csproj", "{CFB3E497-5598-4017-863C-C8467FA709DB}"
EndProject
Project("{FAE04EC0-301F-11D3-BF4B-00C04F79EFBC}") = "q53", "q53\q53.csproj", "{0FCD753C-69A0-4635-906E-5DAD38C30BB0}"
EndProject
Project("{FAE04EC0-301F-11D3-BF4B-00C04F79EFBC}") = "q54_1", "q54_1\q54_1.csproj", "{16168BA7-D519-4C94-89DE-77249DE104D1}"
EndProject
Project("{FAE04EC0-301F-11D3-BF4B-00C04F79EFBC}") = "q54_2", "q54_2\q54_2.csproj", "{57F1BC38-7860-490F-BC88-61DE610473F1}"
EndProject
Project("{FAE04EC0-301F-11D3-BF4B-00C04F79EFBC}") = "q55", "q55\q55.csproj", "{CCD731FE-160C-4062-83F4-DEF589F0150F}"
EndProject
Project("{FAE04EC0-301F-11D3-BF4B-00C04F79EFBC}") = "q56_1", "q56_1\q56_1.csproj", "{7CFCBE21-548A-4C7A-AAE2-63B7FD4AD17C}"
EndProject
Project("{FAE04EC0-301F-11D3-BF4B-00C04F79EFBC}") = "q56_2", "q56_2\q56_2.csproj", "{BFAFBC40-ED59-4371-BAC8-22F029B2521E}"
EndProject
Project("{FAE04EC0-301F-11D3-BF4B-00C04F79EFBC}") = "q57_1", "q57_1\q57_1.csproj", "{12866C69-6847-45DD-A2F0-21C8869B2CEE}"
EndProject
Project("{FAE04EC0-301F-11D3-BF4B-00C04F79EFBC}") = "q57_2", "q57_2\q57_2.csproj", "{6AF0B004-144E-466F-B704-5ECE0A44F5D2}"
EndProject
Project("{FAE04EC0-301F-11D3-BF4B-00C04F79EFBC}") = "q58_1", "q58_1\q58_1.csproj", "{CEC58E1B-FB08-40FA-8EA6-F63BC05E7539}"
EndProject
Project("{FAE04EC0-301F-11D3-BF4B-00C04F79EFBC}") = "q58_2", "q58_2\q58_2.csproj", "{A5885C10-08A2-4BB8-B69F-B545173B6E87}"
EndProject
Project("{FAE04EC0-301F-11D3-BF4B-00C04F79EFBC}") = "q59_1", "q59_1\q59_1.csproj", "{C485912D-3DD9-455F-910B-6EA892A20E61}"
EndProject
Project("{FAE04EC0-301F-11D3-BF4B-00C04F79EFBC}") = "q59_2", "q59_2\q59_2.csproj", "{44B26950-6860-4907-93F4-59BA015F5273}"
EndProject
Project("{FAE04EC0-301F-11D3-BF4B-00C04F79EFBC}") = "q60", "q60\q60.csproj", "{F8D4D2F5-04F6-4FA3-B6E2-64F5BEC959F8}"
EndProject
Project("{FAE04EC0-301F-11D3-BF4B-00C04F79EFBC}") = "q61_1", "q61_1\q61_1.csproj", "{BD33FCCA-AC0B-449F-A070-EBBF7F18175F}"
EndProject
Project("{FAE04EC0-301F-11D3-BF4B-00C04F79EFBC}") = "q61_2", "q61_2\q61_2.csproj", "{0DA2BDF2-93F4-4EDE-936F-B58716E69571}"
EndProject
Project("{FAE04EC0-301F-11D3-BF4B-00C04F79EFBC}") = "q62", "q62\q62.csproj", "{67AEA92B-829F-49A6-9563-48BBAD3B371C}"
EndProject
Project("{FAE04EC0-301F-11D3-BF4B-00C04F79EFBC}") = "q63", "q63\q63.csproj", "{ED3FFB35-485C-4F7B-8D4E-D47CA4E81305}"
EndProject
Project("{FAE04EC0-301F-11D3-BF4B-00C04F79EFBC}") = "q64_1", "q64_1\q64_1.csproj", "{43A44600-7170-4EDC-9A9D-AA37B33F6837}"
EndProject
Project("{FAE04EC0-301F-11D3-BF4B-00C04F79EFBC}") = "q64_2", "q64_2\q64_2.csproj", "{877699A2-617D-414A-944A-16E79BDD710E}"
EndProject
Project("{FAE04EC0-301F-11D3-BF4B-00C04F79EFBC}") = "q65_1", "q65_1\q65_1.csproj", "{9AB909A6-1E22-4119-BD87-56F47E27454D}"
EndProject
Project("{FAE04EC0-301F-11D3-BF4B-00C04F79EFBC}") = "q65_2", "q65_2\q65_2.csproj", "{398ECAFA-CA3A-4973-A62E-301EC37BC977}"
EndProject
Project("{FAE04EC0-301F-11D3-BF4B-00C04F79EFBC}") = "q66_1", "q66_1\q66_1.csproj", "{08BB1E77-0FE7-4715-A5FE-E131825C5337}"
EndProject
Project("{FAE04EC0-301F-11D3-BF4B-00C04F79EFBC}") = "q66_2", "q66_2\q66_2.csproj", "{7FE7756A-B3D8-47EA-BF6B-16CBDD31306D}"
EndProject
Project("{FAE04EC0-301F-11D3-BF4B-00C04F79EFBC}") = "q67", "q67\q67.csproj", "{A868E8AF-EEBC-4A0D-916F-D4A1D649DB19}"
EndProject
Project("{FAE04EC0-301F-11D3-BF4B-00C04F79EFBC}") = "q68_1", "q68_1\q68_1.csproj", "{9ABE96F9-7F37-4F60-9095-A13EAA4E5DBA}"
EndProject
Project("{FAE04EC0-301F-11D3-BF4B-00C04F79EFBC}") = "q68_2", "q68_2\q68_2.csproj", "{42844CFE-AB98-4617-BB33-B78BB7ABF51A}"
EndProject
Project("{FAE04EC0-301F-11D3-BF4B-00C04F79EFBC}") = "q69", "q69\q69.csproj", "{927E5BD0-2625-4619-8CC9-97EE205F85F7}"
EndProject
Project("{FAE04EC0-301F-11D3-BF4B-00C04F79EFBC}") = "q70_1", "q70_1\q70_1.csproj", "{332CD84B-27A2-4E0A-9772-FC2C4035A77F}"
EndProject
Project("{FAE04EC0-301F-11D3-BF4B-00C04F79EFBC}") = "q70_2", "q70_2\q70_2.csproj", "{183F9851-A930-47F2-9B16-97322212D4A6}"
EndProject
Global
	GlobalSection(SolutionConfigurationPlatforms) = preSolution
		Debug|Any CPU = Debug|Any CPU
		Release|Any CPU = Release|Any CPU
	EndGlobalSection
	GlobalSection(ProjectConfigurationPlatforms) = postSolution
		{A05B104B-852D-4705-8719-0DA37C95BDC9}.Debug|Any CPU.ActiveCfg = Debug|Any CPU
		{A05B104B-852D-4705-8719-0DA37C95BDC9}.Debug|Any CPU.Build.0 = Debug|Any CPU
		{A05B104B-852D-4705-8719-0DA37C95BDC9}.Release|Any CPU.ActiveCfg = Release|Any CPU
		{A05B104B-852D-4705-8719-0DA37C95BDC9}.Release|Any CPU.Build.0 = Release|Any CPU
		{AB5C97A2-58CE-4652-89BE-36A93C941300}.Debug|Any CPU.ActiveCfg = Debug|Any CPU
		{AB5C97A2-58CE-4652-89BE-36A93C941300}.Debug|Any CPU.Build.0 = Debug|Any CPU
		{AB5C97A2-58CE-4652-89BE-36A93C941300}.Release|Any CPU.ActiveCfg = Release|Any CPU
		{AB5C97A2-58CE-4652-89BE-36A93C941300}.Release|Any CPU.Build.0 = Release|Any CPU
		{91CC4697-5C3D-4CA6-8E98-02717233CAC6}.Debug|Any CPU.ActiveCfg = Debug|Any CPU
		{91CC4697-5C3D-4CA6-8E98-02717233CAC6}.Debug|Any CPU.Build.0 = Debug|Any CPU
		{91CC4697-5C3D-4CA6-8E98-02717233CAC6}.Release|Any CPU.ActiveCfg = Release|Any CPU
		{91CC4697-5C3D-4CA6-8E98-02717233CAC6}.Release|Any CPU.Build.0 = Release|Any CPU
		{8618F012-57AB-40A9-BDAD-2B0D77970582}.Debug|Any CPU.ActiveCfg = Debug|Any CPU
		{8618F012-57AB-40A9-BDAD-2B0D77970582}.Debug|Any CPU.Build.0 = Debug|Any CPU
		{8618F012-57AB-40A9-BDAD-2B0D77970582}.Release|Any CPU.ActiveCfg = Release|Any CPU
		{8618F012-57AB-40A9-BDAD-2B0D77970582}.Release|Any CPU.Build.0 = Release|Any CPU
		{EC8B7105-A1AE-4120-9A1D-E85525879230}.Debug|Any CPU.ActiveCfg = Debug|Any CPU
		{EC8B7105-A1AE-4120-9A1D-E85525879230}.Debug|Any CPU.Build.0 = Debug|Any CPU
		{EC8B7105-A1AE-4120-9A1D-E85525879230}.Release|Any CPU.ActiveCfg = Release|Any CPU
		{EC8B7105-A1AE-4120-9A1D-E85525879230}.Release|Any CPU.Build.0 = Release|Any CPU
		{05CD8121-38ED-45FE-B73B-49BC42FC3CD0}.Debug|Any CPU.ActiveCfg = Debug|Any CPU
		{05CD8121-38ED-45FE-B73B-49BC42FC3CD0}.Debug|Any CPU.Build.0 = Debug|Any CPU
		{05CD8121-38ED-45FE-B73B-49BC42FC3CD0}.Release|Any CPU.ActiveCfg = Release|Any CPU
		{05CD8121-38ED-45FE-B73B-49BC42FC3CD0}.Release|Any CPU.Build.0 = Release|Any CPU
		{DEC9EB66-FBCC-4355-8B4E-0E6E839AFC4A}.Debug|Any CPU.ActiveCfg = Debug|Any CPU
		{DEC9EB66-FBCC-4355-8B4E-0E6E839AFC4A}.Debug|Any CPU.Build.0 = Debug|Any CPU
		{DEC9EB66-FBCC-4355-8B4E-0E6E839AFC4A}.Release|Any CPU.ActiveCfg = Release|Any CPU
		{DEC9EB66-FBCC-4355-8B4E-0E6E839AFC4A}.Release|Any CPU.Build.0 = Release|Any CPU
		{62F231F9-AC7C-4326-9E7A-6C0536D0D293}.Debug|Any CPU.ActiveCfg = Debug|Any CPU
		{62F231F9-AC7C-4326-9E7A-6C0536D0D293}.Debug|Any CPU.Build.0 = Debug|Any CPU
		{62F231F9-AC7C-4326-9E7A-6C0536D0D293}.Release|Any CPU.ActiveCfg = Release|Any CPU
		{62F231F9-AC7C-4326-9E7A-6C0536D0D293}.Release|Any CPU.Build.0 = Release|Any CPU
		{2DE5BF67-3075-4797-8C6D-1FD11E3E69CE}.Debug|Any CPU.ActiveCfg = Debug|Any CPU
		{2DE5BF67-3075-4797-8C6D-1FD11E3E69CE}.Debug|Any CPU.Build.0 = Debug|Any CPU
		{2DE5BF67-3075-4797-8C6D-1FD11E3E69CE}.Release|Any CPU.ActiveCfg = Release|Any CPU
		{2DE5BF67-3075-4797-8C6D-1FD11E3E69CE}.Release|Any CPU.Build.0 = Release|Any CPU
		{BDAF2B61-B085-43E6-B0D7-48FB383EA300}.Debug|Any CPU.ActiveCfg = Debug|Any CPU
		{BDAF2B61-B085-43E6-B0D7-48FB383EA300}.Debug|Any CPU.Build.0 = Debug|Any CPU
		{BDAF2B61-B085-43E6-B0D7-48FB383EA300}.Release|Any CPU.ActiveCfg = Release|Any CPU
		{BDAF2B61-B085-43E6-B0D7-48FB383EA300}.Release|Any CPU.Build.0 = Release|Any CPU
		{C33B4CE9-6EDC-44C8-8646-FDF93E75BB60}.Debug|Any CPU.ActiveCfg = Debug|Any CPU
		{C33B4CE9-6EDC-44C8-8646-FDF93E75BB60}.Debug|Any CPU.Build.0 = Debug|Any CPU
		{C33B4CE9-6EDC-44C8-8646-FDF93E75BB60}.Release|Any CPU.ActiveCfg = Release|Any CPU
		{C33B4CE9-6EDC-44C8-8646-FDF93E75BB60}.Release|Any CPU.Build.0 = Release|Any CPU
		{A900E258-7F39-417B-BDC0-60D28EAFE7BE}.Debug|Any CPU.ActiveCfg = Debug|Any CPU
		{A900E258-7F39-417B-BDC0-60D28EAFE7BE}.Debug|Any CPU.Build.0 = Debug|Any CPU
		{A900E258-7F39-417B-BDC0-60D28EAFE7BE}.Release|Any CPU.ActiveCfg = Release|Any CPU
		{A900E258-7F39-417B-BDC0-60D28EAFE7BE}.Release|Any CPU.Build.0 = Release|Any CPU
		{33607225-BECD-461F-98EA-A2A55FADF917}.Debug|Any CPU.ActiveCfg = Debug|Any CPU
		{33607225-BECD-461F-98EA-A2A55FADF917}.Debug|Any CPU.Build.0 = Debug|Any CPU
		{33607225-BECD-461F-98EA-A2A55FADF917}.Release|Any CPU.ActiveCfg = Release|Any CPU
		{33607225-BECD-461F-98EA-A2A55FADF917}.Release|Any CPU.Build.0 = Release|Any CPU
		{FCC8673B-6AF2-47B8-A51E-34D2ECDB96A8}.Debug|Any CPU.ActiveCfg = Debug|Any CPU
		{FCC8673B-6AF2-47B8-A51E-34D2ECDB96A8}.Debug|Any CPU.Build.0 = Debug|Any CPU
		{FCC8673B-6AF2-47B8-A51E-34D2ECDB96A8}.Release|Any CPU.ActiveCfg = Release|Any CPU
		{FCC8673B-6AF2-47B8-A51E-34D2ECDB96A8}.Release|Any CPU.Build.0 = Release|Any CPU
		{7AAFEDB1-9905-42BC-AA88-D2CF1E62C98B}.Debug|Any CPU.ActiveCfg = Debug|Any CPU
		{7AAFEDB1-9905-42BC-AA88-D2CF1E62C98B}.Debug|Any CPU.Build.0 = Debug|Any CPU
		{7AAFEDB1-9905-42BC-AA88-D2CF1E62C98B}.Release|Any CPU.ActiveCfg = Release|Any CPU
		{7AAFEDB1-9905-42BC-AA88-D2CF1E62C98B}.Release|Any CPU.Build.0 = Release|Any CPU
		{68A86BC4-3F42-4821-9062-94FD9FB89C8E}.Debug|Any CPU.ActiveCfg = Debug|Any CPU
		{68A86BC4-3F42-4821-9062-94FD9FB89C8E}.Debug|Any CPU.Build.0 = Debug|Any CPU
		{68A86BC4-3F42-4821-9062-94FD9FB89C8E}.Release|Any CPU.ActiveCfg = Release|Any CPU
		{68A86BC4-3F42-4821-9062-94FD9FB89C8E}.Release|Any CPU.Build.0 = Release|Any CPU
		{73DBDF18-74B1-4B60-980A-EB02B30AD457}.Debug|Any CPU.ActiveCfg = Debug|Any CPU
		{73DBDF18-74B1-4B60-980A-EB02B30AD457}.Debug|Any CPU.Build.0 = Debug|Any CPU
		{73DBDF18-74B1-4B60-980A-EB02B30AD457}.Release|Any CPU.ActiveCfg = Release|Any CPU
		{73DBDF18-74B1-4B60-980A-EB02B30AD457}.Release|Any CPU.Build.0 = Release|Any CPU
		{93046884-68B5-44B5-8B1F-2186B9D03CEF}.Debug|Any CPU.ActiveCfg = Debug|Any CPU
		{93046884-68B5-44B5-8B1F-2186B9D03CEF}.Debug|Any CPU.Build.0 = Debug|Any CPU
		{93046884-68B5-44B5-8B1F-2186B9D03CEF}.Release|Any CPU.ActiveCfg = Release|Any CPU
		{93046884-68B5-44B5-8B1F-2186B9D03CEF}.Release|Any CPU.Build.0 = Release|Any CPU
		{6B19C1C3-5DE1-4D9B-893E-4D3C6581306B}.Debug|Any CPU.ActiveCfg = Debug|Any CPU
		{6B19C1C3-5DE1-4D9B-893E-4D3C6581306B}.Debug|Any CPU.Build.0 = Debug|Any CPU
		{6B19C1C3-5DE1-4D9B-893E-4D3C6581306B}.Release|Any CPU.ActiveCfg = Release|Any CPU
		{6B19C1C3-5DE1-4D9B-893E-4D3C6581306B}.Release|Any CPU.Build.0 = Release|Any CPU
		{6265C440-CC24-47B5-91E9-402AB9B0DFD5}.Debug|Any CPU.ActiveCfg = Debug|Any CPU
		{6265C440-CC24-47B5-91E9-402AB9B0DFD5}.Debug|Any CPU.Build.0 = Debug|Any CPU
		{6265C440-CC24-47B5-91E9-402AB9B0DFD5}.Release|Any CPU.ActiveCfg = Release|Any CPU
		{6265C440-CC24-47B5-91E9-402AB9B0DFD5}.Release|Any CPU.Build.0 = Release|Any CPU
		{C5222717-081E-4BD3-B8CC-EEFA9BB10268}.Debug|Any CPU.ActiveCfg = Debug|Any CPU
		{C5222717-081E-4BD3-B8CC-EEFA9BB10268}.Debug|Any CPU.Build.0 = Debug|Any CPU
		{C5222717-081E-4BD3-B8CC-EEFA9BB10268}.Release|Any CPU.ActiveCfg = Release|Any CPU
		{C5222717-081E-4BD3-B8CC-EEFA9BB10268}.Release|Any CPU.Build.0 = Release|Any CPU
		{974E1D5B-0429-4388-940F-21F501853522}.Debug|Any CPU.ActiveCfg = Debug|Any CPU
		{974E1D5B-0429-4388-940F-21F501853522}.Debug|Any CPU.Build.0 = Debug|Any CPU
		{974E1D5B-0429-4388-940F-21F501853522}.Release|Any CPU.ActiveCfg = Release|Any CPU
		{974E1D5B-0429-4388-940F-21F501853522}.Release|Any CPU.Build.0 = Release|Any CPU
		{CFB3E497-5598-4017-863C-C8467FA709DB}.Debug|Any CPU.ActiveCfg = Debug|Any CPU
		{CFB3E497-5598-4017-863C-C8467FA709DB}.Debug|Any CPU.Build.0 = Debug|Any CPU
		{CFB3E497-5598-4017-863C-C8467FA709DB}.Release|Any CPU.ActiveCfg = Release|Any CPU
		{CFB3E497-5598-4017-863C-C8467FA709DB}.Release|Any CPU.Build.0 = Release|Any CPU
		{0FCD753C-69A0-4635-906E-5DAD38C30BB0}.Debug|Any CPU.ActiveCfg = Debug|Any CPU
		{0FCD753C-69A0-4635-906E-5DAD38C30BB0}.Debug|Any CPU.Build.0 = Debug|Any CPU
		{0FCD753C-69A0-4635-906E-5DAD38C30BB0}.Release|Any CPU.ActiveCfg = Release|Any CPU
		{0FCD753C-69A0-4635-906E-5DAD38C30BB0}.Release|Any CPU.Build.0 = Release|Any CPU
		{16168BA7-D519-4C94-89DE-77249DE104D1}.Debug|Any CPU.ActiveCfg = Debug|Any CPU
		{16168BA7-D519-4C94-89DE-77249DE104D1}.Debug|Any CPU.Build.0 = Debug|Any CPU
		{16168BA7-D519-4C94-89DE-77249DE104D1}.Release|Any CPU.ActiveCfg = Release|Any CPU
		{16168BA7-D519-4C94-89DE-77249DE104D1}.Release|Any CPU.Build.0 = Release|Any CPU
		{57F1BC38-7860-490F-BC88-61DE610473F1}.Debug|Any CPU.ActiveCfg = Debug|Any CPU
		{57F1BC38-7860-490F-BC88-61DE610473F1}.Debug|Any CPU.Build.0 = Debug|Any CPU
		{57F1BC38-7860-490F-BC88-61DE610473F1}.Release|Any CPU.ActiveCfg = Release|Any CPU
		{57F1BC38-7860-490F-BC88-61DE610473F1}.Release|Any CPU.Build.0 = Release|Any CPU
		{CCD731FE-160C-4062-83F4-DEF589F0150F}.Debug|Any CPU.ActiveCfg = Debug|Any CPU
		{CCD731FE-160C-4062-83F4-DEF589F0150F}.Debug|Any CPU.Build.0 = Debug|Any CPU
		{CCD731FE-160C-4062-83F4-DEF589F0150F}.Release|Any CPU.ActiveCfg = Release|Any CPU
		{CCD731FE-160C-4062-83F4-DEF589F0150F}.Release|Any CPU.Build.0 = Release|Any CPU
		{7CFCBE21-548A-4C7A-AAE2-63B7FD4AD17C}.Debug|Any CPU.ActiveCfg = Debug|Any CPU
		{7CFCBE21-548A-4C7A-AAE2-63B7FD4AD17C}.Debug|Any CPU.Build.0 = Debug|Any CPU
		{7CFCBE21-548A-4C7A-AAE2-63B7FD4AD17C}.Release|Any CPU.ActiveCfg = Release|Any CPU
		{7CFCBE21-548A-4C7A-AAE2-63B7FD4AD17C}.Release|Any CPU.Build.0 = Release|Any CPU
		{BFAFBC40-ED59-4371-BAC8-22F029B2521E}.Debug|Any CPU.ActiveCfg = Debug|Any CPU
		{BFAFBC40-ED59-4371-BAC8-22F029B2521E}.Debug|Any CPU.Build.0 = Debug|Any CPU
		{BFAFBC40-ED59-4371-BAC8-22F029B2521E}.Release|Any CPU.ActiveCfg = Release|Any CPU
		{BFAFBC40-ED59-4371-BAC8-22F029B2521E}.Release|Any CPU.Build.0 = Release|Any CPU
		{12866C69-6847-45DD-A2F0-21C8869B2CEE}.Debug|Any CPU.ActiveCfg = Debug|Any CPU
		{12866C69-6847-45DD-A2F0-21C8869B2CEE}.Debug|Any CPU.Build.0 = Debug|Any CPU
		{12866C69-6847-45DD-A2F0-21C8869B2CEE}.Release|Any CPU.ActiveCfg = Release|Any CPU
		{12866C69-6847-45DD-A2F0-21C8869B2CEE}.Release|Any CPU.Build.0 = Release|Any CPU
		{6AF0B004-144E-466F-B704-5ECE0A44F5D2}.Debug|Any CPU.ActiveCfg = Debug|Any CPU
		{6AF0B004-144E-466F-B704-5ECE0A44F5D2}.Debug|Any CPU.Build.0 = Debug|Any CPU
		{6AF0B004-144E-466F-B704-5ECE0A44F5D2}.Release|Any CPU.ActiveCfg = Release|Any CPU
		{6AF0B004-144E-466F-B704-5ECE0A44F5D2}.Release|Any CPU.Build.0 = Release|Any CPU
		{CEC58E1B-FB08-40FA-8EA6-F63BC05E7539}.Debug|Any CPU.ActiveCfg = Debug|Any CPU
		{CEC58E1B-FB08-40FA-8EA6-F63BC05E7539}.Debug|Any CPU.Build.0 = Debug|Any CPU
		{CEC58E1B-FB08-40FA-8EA6-F63BC05E7539}.Release|Any CPU.ActiveCfg = Release|Any CPU
		{CEC58E1B-FB08-40FA-8EA6-F63BC05E7539}.Release|Any CPU.Build.0 = Release|Any CPU
		{A5885C10-08A2-4BB8-B69F-B545173B6E87}.Debug|Any CPU.ActiveCfg = Debug|Any CPU
		{A5885C10-08A2-4BB8-B69F-B545173B6E87}.Debug|Any CPU.Build.0 = Debug|Any CPU
		{A5885C10-08A2-4BB8-B69F-B545173B6E87}.Release|Any CPU.ActiveCfg = Release|Any CPU
		{A5885C10-08A2-4BB8-B69F-B545173B6E87}.Release|Any CPU.Build.0 = Release|Any CPU
		{C485912D-3DD9-455F-910B-6EA892A20E61}.Debug|Any CPU.ActiveCfg = Debug|Any CPU
		{C485912D-3DD9-455F-910B-6EA892A20E61}.Debug|Any CPU.Build.0 = Debug|Any CPU
		{C485912D-3DD9-455F-910B-6EA892A20E61}.Release|Any CPU.ActiveCfg = Release|Any CPU
		{C485912D-3DD9-455F-910B-6EA892A20E61}.Release|Any CPU.Build.0 = Release|Any CPU
		{44B26950-6860-4907-93F4-59BA015F5273}.Debug|Any CPU.ActiveCfg = Debug|Any CPU
		{44B26950-6860-4907-93F4-59BA015F5273}.Debug|Any CPU.Build.0 = Debug|Any CPU
		{44B26950-6860-4907-93F4-59BA015F5273}.Release|Any CPU.ActiveCfg = Release|Any CPU
		{44B26950-6860-4907-93F4-59BA015F5273}.Release|Any CPU.Build.0 = Release|Any CPU
		{F8D4D2F5-04F6-4FA3-B6E2-64F5BEC959F8}.Debug|Any CPU.ActiveCfg = Debug|Any CPU
		{F8D4D2F5-04F6-4FA3-B6E2-64F5BEC959F8}.Debug|Any CPU.Build.0 = Debug|Any CPU
		{F8D4D2F5-04F6-4FA3-B6E2-64F5BEC959F8}.Release|Any CPU.ActiveCfg = Release|Any CPU
		{F8D4D2F5-04F6-4FA3-B6E2-64F5BEC959F8}.Release|Any CPU.Build.0 = Release|Any CPU
		{BD33FCCA-AC0B-449F-A070-EBBF7F18175F}.Debug|Any CPU.ActiveCfg = Debug|Any CPU
		{BD33FCCA-AC0B-449F-A070-EBBF7F18175F}.Debug|Any CPU.Build.0 = Debug|Any CPU
		{BD33FCCA-AC0B-449F-A070-EBBF7F18175F}.Release|Any CPU.ActiveCfg = Release|Any CPU
		{BD33FCCA-AC0B-449F-A070-EBBF7F18175F}.Release|Any CPU.Build.0 = Release|Any CPU
		{0DA2BDF2-93F4-4EDE-936F-B58716E69571}.Debug|Any CPU.ActiveCfg = Debug|Any CPU
		{0DA2BDF2-93F4-4EDE-936F-B58716E69571}.Debug|Any CPU.Build.0 = Debug|Any CPU
		{0DA2BDF2-93F4-4EDE-936F-B58716E69571}.Release|Any CPU.ActiveCfg = Release|Any CPU
		{0DA2BDF2-93F4-4EDE-936F-B58716E69571}.Release|Any CPU.Build.0 = Release|Any CPU
		{67AEA92B-829F-49A6-9563-48BBAD3B371C}.Debug|Any CPU.ActiveCfg = Debug|Any CPU
		{67AEA92B-829F-49A6-9563-48BBAD3B371C}.Debug|Any CPU.Build.0 = Debug|Any CPU
		{67AEA92B-829F-49A6-9563-48BBAD3B371C}.Release|Any CPU.ActiveCfg = Release|Any CPU
		{67AEA92B-829F-49A6-9563-48BBAD3B371C}.Release|Any CPU.Build.0 = Release|Any CPU
		{ED3FFB35-485C-4F7B-8D4E-D47CA4E81305}.Debug|Any CPU.ActiveCfg = Debug|Any CPU
		{ED3FFB35-485C-4F7B-8D4E-D47CA4E81305}.Debug|Any CPU.Build.0 = Debug|Any CPU
		{ED3FFB35-485C-4F7B-8D4E-D47CA4E81305}.Release|Any CPU.ActiveCfg = Release|Any CPU
		{ED3FFB35-485C-4F7B-8D4E-D47CA4E81305}.Release|Any CPU.Build.0 = Release|Any CPU
		{43A44600-7170-4EDC-9A9D-AA37B33F6837}.Debug|Any CPU.ActiveCfg = Debug|Any CPU
		{43A44600-7170-4EDC-9A9D-AA37B33F6837}.Debug|Any CPU.Build.0 = Debug|Any CPU
		{43A44600-7170-4EDC-9A9D-AA37B33F6837}.Release|Any CPU.ActiveCfg = Release|Any CPU
		{43A44600-7170-4EDC-9A9D-AA37B33F6837}.Release|Any CPU.Build.0 = Release|Any CPU
		{877699A2-617D-414A-944A-16E79BDD710E}.Debug|Any CPU.ActiveCfg = Debug|Any CPU
		{877699A2-617D-414A-944A-16E79BDD710E}.Debug|Any CPU.Build.0 = Debug|Any CPU
		{877699A2-617D-414A-944A-16E79BDD710E}.Release|Any CPU.ActiveCfg = Release|Any CPU
		{877699A2-617D-414A-944A-16E79BDD710E}.Release|Any CPU.Build.0 = Release|Any CPU
		{9AB909A6-1E22-4119-BD87-56F47E27454D}.Debug|Any CPU.ActiveCfg = Debug|Any CPU
		{9AB909A6-1E22-4119-BD87-56F47E27454D}.Debug|Any CPU.Build.0 = Debug|Any CPU
		{9AB909A6-1E22-4119-BD87-56F47E27454D}.Release|Any CPU.ActiveCfg = Release|Any CPU
		{9AB909A6-1E22-4119-BD87-56F47E27454D}.Release|Any CPU.Build.0 = Release|Any CPU
		{398ECAFA-CA3A-4973-A62E-301EC37BC977}.Debug|Any CPU.ActiveCfg = Debug|Any CPU
		{398ECAFA-CA3A-4973-A62E-301EC37BC977}.Debug|Any CPU.Build.0 = Debug|Any CPU
		{398ECAFA-CA3A-4973-A62E-301EC37BC977}.Release|Any CPU.ActiveCfg = Release|Any CPU
		{398ECAFA-CA3A-4973-A62E-301EC37BC977}.Release|Any CPU.Build.0 = Release|Any CPU
		{08BB1E77-0FE7-4715-A5FE-E131825C5337}.Debug|Any CPU.ActiveCfg = Debug|Any CPU
		{08BB1E77-0FE7-4715-A5FE-E131825C5337}.Debug|Any CPU.Build.0 = Debug|Any CPU
		{08BB1E77-0FE7-4715-A5FE-E131825C5337}.Release|Any CPU.ActiveCfg = Release|Any CPU
		{08BB1E77-0FE7-4715-A5FE-E131825C5337}.Release|Any CPU.Build.0 = Release|Any CPU
		{7FE7756A-B3D8-47EA-BF6B-16CBDD31306D}.Debug|Any CPU.ActiveCfg = Debug|Any CPU
		{7FE7756A-B3D8-47EA-BF6B-16CBDD31306D}.Debug|Any CPU.Build.0 = Debug|Any CPU
		{7FE7756A-B3D8-47EA-BF6B-16CBDD31306D}.Release|Any CPU.ActiveCfg = Release|Any CPU
		{7FE7756A-B3D8-47EA-BF6B-16CBDD31306D}.Release|Any CPU.Build.0 = Release|Any CPU
		{A868E8AF-EEBC-4A0D-916F-D4A1D649DB19}.Debug|Any CPU.ActiveCfg = Debug|Any CPU
		{A868E8AF-EEBC-4A0D-916F-D4A1D649DB19}.Debug|Any CPU.Build.0 = Debug|Any CPU
		{A868E8AF-EEBC-4A0D-916F-D4A1D649DB19}.Release|Any CPU.ActiveCfg = Release|Any CPU
		{A868E8AF-EEBC-4A0D-916F-D4A1D649DB19}.Release|Any CPU.Build.0 = Release|Any CPU
		{9ABE96F9-7F37-4F60-9095-A13EAA4E5DBA}.Debug|Any CPU.ActiveCfg = Debug|Any CPU
		{9ABE96F9-7F37-4F60-9095-A13EAA4E5DBA}.Debug|Any CPU.Build.0 = Debug|Any CPU
		{9ABE96F9-7F37-4F60-9095-A13EAA4E5DBA}.Release|Any CPU.ActiveCfg = Release|Any CPU
		{9ABE96F9-7F37-4F60-9095-A13EAA4E5DBA}.Release|Any CPU.Build.0 = Release|Any CPU
		{42844CFE-AB98-4617-BB33-B78BB7ABF51A}.Debug|Any CPU.ActiveCfg = Debug|Any CPU
		{42844CFE-AB98-4617-BB33-B78BB7ABF51A}.Debug|Any CPU.Build.0 = Debug|Any CPU
		{42844CFE-AB98-4617-BB33-B78BB7ABF51A}.Release|Any CPU.ActiveCfg = Release|Any CPU
		{42844CFE-AB98-4617-BB33-B78BB7ABF51A}.Release|Any CPU.Build.0 = Release|Any CPU
		{927E5BD0-2625-4619-8CC9-97EE205F85F7}.Debug|Any CPU.ActiveCfg = Debug|Any CPU
		{927E5BD0-2625-4619-8CC9-97EE205F85F7}.Debug|Any CPU.Build.0 = Debug|Any CPU
		{927E5BD0-2625-4619-8CC9-97EE205F85F7}.Release|Any CPU.ActiveCfg = Release|Any CPU
		{927E5BD0-2625-4619-8CC9-97EE205F85F7}.Release|Any CPU.Build.0 = Release|Any CPU
		{332CD84B-27A2-4E0A-9772-FC2C4035A77F}.Debug|Any CPU.ActiveCfg = Debug|Any CPU
		{332CD84B-27A2-4E0A-9772-FC2C4035A77F}.Debug|Any CPU.Build.0 = Debug|Any CPU
		{332CD84B-27A2-4E0A-9772-FC2C4035A77F}.Release|Any CPU.ActiveCfg = Release|Any CPU
		{332CD84B-27A2-4E0A-9772-FC2C4035A77F}.Release|Any CPU.Build.0 = Release|Any CPU
		{183F9851-A930-47F2-9B16-97322212D4A6}.Debug|Any CPU.ActiveCfg = Debug|Any CPU
		{183F9851-A930-47F2-9B16-97322212D4A6}.Debug|Any CPU.Build.0 = Debug|Any CPU
		{183F9851-A930-47F2-9B16-97322212D4A6}.Release|Any CPU.ActiveCfg = Release|Any CPU
		{183F9851-A930-47F2-9B16-97322212D4A6}.Release|Any CPU.Build.0 = Release|Any CPU
	EndGlobalSection
	GlobalSection(SolutionProperties) = preSolution
		HideSolutionNode = FALSE
	EndGlobalSection
	GlobalSection(ExtensibilityGlobals) = postSolution
		SolutionGuid = {6CE91C69-FF6D-48EB-AE4C-C74E351C1A60}
	EndGlobalSection
EndGlobal
